
Microsoft Visual Studio Solution File, Format Version 12.00
# Visual Studio 14
VisualStudioVersion = 14.0.25123.0
MinimumVisualStudioVersion = 10.0.40219.1
Project("{FAE04EC0-301F-11D3-BF4B-00C04F79EFBC}") = "SWDProject", "SWDProject\SWDProject.csproj", "{932B3CF8-D8F2-4B4F-9C89-AD462B2EB0C0}"
EndProject
Global
	GlobalSection(SolutionConfigurationPlatforms) = preSolution
		Debug|Any CPU = Debug|Any CPU
		Release|Any CPU = Release|Any CPU
	EndGlobalSection
	GlobalSection(ProjectConfigurationPlatforms) = postSolution
		{932B3CF8-D8F2-4B4F-9C89-AD462B2EB0C0}.Debug|Any CPU.ActiveCfg = Debug|Any CPU
		{932B3CF8-D8F2-4B4F-9C89-AD462B2EB0C0}.Debug|Any CPU.Build.0 = Debug|Any CPU
		{932B3CF8-D8F2-4B4F-9C89-AD462B2EB0C0}.Release|Any CPU.ActiveCfg = Release|Any CPU
		{932B3CF8-D8F2-4B4F-9C89-AD462B2EB0C0}.Release|Any CPU.Build.0 = Release|Any CPU
	EndGlobalSection
	GlobalSection(SolutionProperties) = preSolution
		HideSolutionNode = FALSE
	EndGlobalSection
EndGlobal
